
Microsoft Visual Studio Solution File, Format Version 12.00
# Visual Studio Version 16
VisualStudioVersion = 16.0.31424.327
MinimumVisualStudioVersion = 10.0.40219.1
Project("{888888A0-9F3D-457C-B088-3A5042F75D52}") = "2-2", "2-2\2-2.pyproj", "{25AB0E43-BA48-4381-A9D4-FBEA77918FCA}"
EndProject
Global
	GlobalSection(SolutionConfigurationPlatforms) = preSolution
		Debug|Any CPU = Debug|Any CPU
		Release|Any CPU = Release|Any CPU
	EndGlobalSection
	GlobalSection(ProjectConfigurationPlatforms) = postSolution
		{25AB0E43-BA48-4381-A9D4-FBEA77918FCA}.Debug|Any CPU.ActiveCfg = Debug|Any CPU
		{25AB0E43-BA48-4381-A9D4-FBEA77918FCA}.Release|Any CPU.ActiveCfg = Release|Any CPU
	EndGlobalSection
	GlobalSection(SolutionProperties) = preSolution
		HideSolutionNode = FALSE
	EndGlobalSection
	GlobalSection(ExtensibilityGlobals) = postSolution
		SolutionGuid = {B99D24FB-C067-4B30-854B-84679F44CB3E}
	EndGlobalSection
EndGlobal
